
Microsoft Visual Studio Solution File, Format Version 12.00
# Visual Studio Version 16
VisualStudioVersion = 16.0.29519.87
MinimumVisualStudioVersion = 10.0.40219.1
Project("{FAE04EC0-301F-11D3-BF4B-00C04F79EFBC}") = "LogApp.Android", "LogApp\LogApp.Android\LogApp.Android.csproj", "{C30878D5-0309-45A5-8F18-F5629CAE3886}"
EndProject
Project("{FAE04EC0-301F-11D3-BF4B-00C04F79EFBC}") = "LogApp.iOS", "LogApp\LogApp.iOS\LogApp.iOS.csproj", "{89A18849-BAED-4395-B557-8D0FE55F8F31}"
EndProject
Project("{FAE04EC0-301F-11D3-BF4B-00C04F79EFBC}") = "LogApp", "LogApp\LogApp\LogApp.csproj", "{20B1DDEA-D3C6-4713-B47E-6A5A237CB950}"
EndProject
Global
	GlobalSection(SolutionConfigurationPlatforms) = preSolution
		Debug|Any CPU = Debug|Any CPU
		Debug|iPhone = Debug|iPhone
		Debug|iPhoneSimulator = Debug|iPhoneSimulator
		Release|Any CPU = Release|Any CPU
		Release|iPhone = Release|iPhone
		Release|iPhoneSimulator = Release|iPhoneSimulator
	EndGlobalSection
	GlobalSection(ProjectConfigurationPlatforms) = postSolution
		{C30878D5-0309-45A5-8F18-F5629CAE3886}.Debug|Any CPU.ActiveCfg = Debug|Any CPU
		{C30878D5-0309-45A5-8F18-F5629CAE3886}.Debug|Any CPU.Build.0 = Debug|Any CPU
		{C30878D5-0309-45A5-8F18-F5629CAE3886}.Debug|Any CPU.Deploy.0 = Debug|Any CPU
		{C30878D5-0309-45A5-8F18-F5629CAE3886}.Debug|iPhone.ActiveCfg = Debug|Any CPU
		{C30878D5-0309-45A5-8F18-F5629CAE3886}.Debug|iPhone.Build.0 = Debug|Any CPU
		{C30878D5-0309-45A5-8F18-F5629CAE3886}.Debug|iPhone.Deploy.0 = Debug|Any CPU
		{C30878D5-0309-45A5-8F18-F5629CAE3886}.Debug|iPhoneSimulator.ActiveCfg = Debug|Any CPU
		{C30878D5-0309-45A5-8F18-F5629CAE3886}.Debug|iPhoneSimulator.Build.0 = Debug|Any CPU
		{C30878D5-0309-45A5-8F18-F5629CAE3886}.Debug|iPhoneSimulator.Deploy.0 = Debug|Any CPU
		{C30878D5-0309-45A5-8F18-F5629CAE3886}.Release|Any CPU.ActiveCfg = Release|Any CPU
		{C30878D5-0309-45A5-8F18-F5629CAE3886}.Release|Any CPU.Build.0 = Release|Any CPU
		{C30878D5-0309-45A5-8F18-F5629CAE3886}.Release|Any CPU.Deploy.0 = Release|Any CPU
		{C30878D5-0309-45A5-8F18-F5629CAE3886}.Release|iPhone.ActiveCfg = Release|Any CPU
		{C30878D5-0309-45A5-8F18-F5629CAE3886}.Release|iPhone.Build.0 = Release|Any CPU
		{C30878D5-0309-45A5-8F18-F5629CAE3886}.Release|iPhone.Deploy.0 = Release|Any CPU
		{C30878D5-0309-45A5-8F18-F5629CAE3886}.Release|iPhoneSimulator.ActiveCfg = Release|Any CPU
		{C30878D5-0309-45A5-8F18-F5629CAE3886}.Release|iPhoneSimulator.Build.0 = Release|Any CPU
		{C30878D5-0309-45A5-8F18-F5629CAE3886}.Release|iPhoneSimulator.Deploy.0 = Release|Any CPU
		{89A18849-BAED-4395-B557-8D0FE55F8F31}.Debug|Any CPU.ActiveCfg = Debug|iPhoneSimulator
		{89A18849-BAED-4395-B557-8D0FE55F8F31}.Debug|Any CPU.Build.0 = Debug|iPhoneSimulator
		{89A18849-BAED-4395-B557-8D0FE55F8F31}.Debug|Any CPU.Deploy.0 = Debug|iPhoneSimulator
		{89A18849-BAED-4395-B557-8D0FE55F8F31}.Debug|iPhone.ActiveCfg = Debug|iPhone
		{89A18849-BAED-4395-B557-8D0FE55F8F31}.Debug|iPhone.Build.0 = Debug|iPhone
		{89A18849-BAED-4395-B557-8D0FE55F8F31}.Debug|iPhone.Deploy.0 = Debug|iPhone
		{89A18849-BAED-4395-B557-8D0FE55F8F31}.Debug|iPhoneSimulator.ActiveCfg = Debug|iPhoneSimulator
		{89A18849-BAED-4395-B557-8D0FE55F8F31}.Debug|iPhoneSimulator.Build.0 = Debug|iPhoneSimulator
		{89A18849-BAED-4395-B557-8D0FE55F8F31}.Debug|iPhoneSimulator.Deploy.0 = Debug|iPhoneSimulator
		{89A18849-BAED-4395-B557-8D0FE55F8F31}.Release|Any CPU.ActiveCfg = Release|iPhone
		{89A18849-BAED-4395-B557-8D0FE55F8F31}.Release|Any CPU.Build.0 = Release|iPhone
		{89A18849-BAED-4395-B557-8D0FE55F8F31}.Release|Any CPU.Deploy.0 = Release|iPhone
		{89A18849-BAED-4395-B557-8D0FE55F8F31}.Release|iPhone.ActiveCfg = Release|iPhone
		{89A18849-BAED-4395-B557-8D0FE55F8F31}.Release|iPhone.Build.0 = Release|iPhone
		{89A18849-BAED-4395-B557-8D0FE55F8F31}.Release|iPhone.Deploy.0 = Release|iPhone
		{89A18849-BAED-4395-B557-8D0FE55F8F31}.Release|iPhoneSimulator.ActiveCfg = Release|iPhoneSimulator
		{89A18849-BAED-4395-B557-8D0FE55F8F31}.Release|iPhoneSimulator.Build.0 = Release|iPhoneSimulator
		{89A18849-BAED-4395-B557-8D0FE55F8F31}.Release|iPhoneSimulator.Deploy.0 = Release|iPhoneSimulator
		{20B1DDEA-D3C6-4713-B47E-6A5A237CB950}.Debug|Any CPU.ActiveCfg = Debug|Any CPU
		{20B1DDEA-D3C6-4713-B47E-6A5A237CB950}.Debug|Any CPU.Build.0 = Debug|Any CPU
		{20B1DDEA-D3C6-4713-B47E-6A5A237CB950}.Debug|Any CPU.Deploy.0 = Debug|Any CPU
		{20B1DDEA-D3C6-4713-B47E-6A5A237CB950}.Debug|iPhone.ActiveCfg = Debug|Any CPU
		{20B1DDEA-D3C6-4713-B47E-6A5A237CB950}.Debug|iPhone.Build.0 = Debug|Any CPU
		{20B1DDEA-D3C6-4713-B47E-6A5A237CB950}.Debug|iPhone.Deploy.0 = Debug|Any CPU
		{20B1DDEA-D3C6-4713-B47E-6A5A237CB950}.Debug|iPhoneSimulator.ActiveCfg = Debug|Any CPU
		{20B1DDEA-D3C6-4713-B47E-6A5A237CB950}.Debug|iPhoneSimulator.Build.0 = Debug|Any CPU
		{20B1DDEA-D3C6-4713-B47E-6A5A237CB950}.Debug|iPhoneSimulator.Deploy.0 = Debug|Any CPU
		{20B1DDEA-D3C6-4713-B47E-6A5A237CB950}.Release|Any CPU.ActiveCfg = Release|Any CPU
		{20B1DDEA-D3C6-4713-B47E-6A5A237CB950}.Release|Any CPU.Build.0 = Release|Any CPU
		{20B1DDEA-D3C6-4713-B47E-6A5A237CB950}.Release|Any CPU.Deploy.0 = Release|Any CPU
		{20B1DDEA-D3C6-4713-B47E-6A5A237CB950}.Release|iPhone.ActiveCfg = Release|Any CPU
		{20B1DDEA-D3C6-4713-B47E-6A5A237CB950}.Release|iPhone.Build.0 = Release|Any CPU
		{20B1DDEA-D3C6-4713-B47E-6A5A237CB950}.Release|iPhone.Deploy.0 = Release|Any CPU
		{20B1DDEA-D3C6-4713-B47E-6A5A237CB950}.Release|iPhoneSimulator.ActiveCfg = Release|Any CPU
		{20B1DDEA-D3C6-4713-B47E-6A5A237CB950}.Release|iPhoneSimulator.Build.0 = Release|Any CPU
		{20B1DDEA-D3C6-4713-B47E-6A5A237CB950}.Release|iPhoneSimulator.Deploy.0 = Release|Any CPU
	EndGlobalSection
	GlobalSection(SolutionProperties) = preSolution
		HideSolutionNode = FALSE
	EndGlobalSection
	GlobalSection(ExtensibilityGlobals) = postSolution
		SolutionGuid = {8B7DF8A1-B6D0-4AD7-9991-F14ECB560613}
	EndGlobalSection
EndGlobal
